
Microsoft Visual Studio Solution File, Format Version 12.00
# Visual Studio Version 16
VisualStudioVersion = 16.0.31613.86
MinimumVisualStudioVersion = 10.0.40219.1
Project("{FAE04EC0-301F-11D3-BF4B-00C04F79EFBC}") = "DiscordServerList_MVC", "DiscordServerList_MVC\DiscordServerList_MVC.csproj", "{0B09DA91-7ACD-4ED4-9BDB-F645490808A5}"
EndProject
Global
	GlobalSection(SolutionConfigurationPlatforms) = preSolution
		Debug|Any CPU = Debug|Any CPU
		Release|Any CPU = Release|Any CPU
	EndGlobalSection
	GlobalSection(ProjectConfigurationPlatforms) = postSolution
		{0B09DA91-7ACD-4ED4-9BDB-F645490808A5}.Debug|Any CPU.ActiveCfg = Debug|Any CPU
		{0B09DA91-7ACD-4ED4-9BDB-F645490808A5}.Debug|Any CPU.Build.0 = Debug|Any CPU
		{0B09DA91-7ACD-4ED4-9BDB-F645490808A5}.Release|Any CPU.ActiveCfg = Release|Any CPU
		{0B09DA91-7ACD-4ED4-9BDB-F645490808A5}.Release|Any CPU.Build.0 = Release|Any CPU
	EndGlobalSection
	GlobalSection(SolutionProperties) = preSolution
		HideSolutionNode = FALSE
	EndGlobalSection
	GlobalSection(ExtensibilityGlobals) = postSolution
		SolutionGuid = {1E597766-CC96-4524-9664-59D2FE482162}
	EndGlobalSection
EndGlobal
